
Microsoft Visual Studio Solution File, Format Version 12.00
# Visual Studio Version 17
VisualStudioVersion = 17.4.33006.217
MinimumVisualStudioVersion = 10.0.40219.1
Project("{9A19103F-16F7-4668-BE54-9A1E7A4F7556}") = "WebApplication2", "src\WebApplication2\WebApplication2.csproj", "{02164676-B6CE-40A2-AD3E-FDE545A7776A}"
EndProject
Project("{9A19103F-16F7-4668-BE54-9A1E7A4F7556}") = "Outrage.Tenancy", "src\Tenancy\Outrage.Tenancy.csproj", "{202D6007-847A-47D2-9791-F41E077F194B}"
EndProject
Project("{9A19103F-16F7-4668-BE54-9A1E7A4F7556}") = "Outrage.Tenancy.Postgres", "src\Postgres\Outrage.Tenancy.Postgres.csproj", "{0CD4EC35-3F9D-49F7-BC33-77E84064550E}"
EndProject
Global
	GlobalSection(SolutionConfigurationPlatforms) = preSolution
		Debug|Any CPU = Debug|Any CPU
		Release|Any CPU = Release|Any CPU
	EndGlobalSection
	GlobalSection(ProjectConfigurationPlatforms) = postSolution
		{02164676-B6CE-40A2-AD3E-FDE545A7776A}.Debug|Any CPU.ActiveCfg = Debug|Any CPU
		{02164676-B6CE-40A2-AD3E-FDE545A7776A}.Debug|Any CPU.Build.0 = Debug|Any CPU
		{02164676-B6CE-40A2-AD3E-FDE545A7776A}.Release|Any CPU.ActiveCfg = Release|Any CPU
		{02164676-B6CE-40A2-AD3E-FDE545A7776A}.Release|Any CPU.Build.0 = Release|Any CPU
		{202D6007-847A-47D2-9791-F41E077F194B}.Debug|Any CPU.ActiveCfg = Debug|Any CPU
		{202D6007-847A-47D2-9791-F41E077F194B}.Debug|Any CPU.Build.0 = Debug|Any CPU
		{202D6007-847A-47D2-9791-F41E077F194B}.Release|Any CPU.ActiveCfg = Release|Any CPU
		{202D6007-847A-47D2-9791-F41E077F194B}.Release|Any CPU.Build.0 = Release|Any CPU
		{0CD4EC35-3F9D-49F7-BC33-77E84064550E}.Debug|Any CPU.ActiveCfg = Debug|Any CPU
		{0CD4EC35-3F9D-49F7-BC33-77E84064550E}.Debug|Any CPU.Build.0 = Debug|Any CPU
		{0CD4EC35-3F9D-49F7-BC33-77E84064550E}.Release|Any CPU.ActiveCfg = Release|Any CPU
		{0CD4EC35-3F9D-49F7-BC33-77E84064550E}.Release|Any CPU.Build.0 = Release|Any CPU
	EndGlobalSection
	GlobalSection(SolutionProperties) = preSolution
		HideSolutionNode = FALSE
	EndGlobalSection
	GlobalSection(ExtensibilityGlobals) = postSolution
		SolutionGuid = {3C7AF3D4-2CA7-43CB-BF90-66AB72C8D388}
	EndGlobalSection
EndGlobal
